
Microsoft Visual Studio Solution File, Format Version 12.00
# Visual Studio Version 17
VisualStudioVersion = 17.14.37027.9
MinimumVisualStudioVersion = 10.0.40219.1
Project("{8BC9CEB8-8B4A-11D0-8D11-00A0C91BC942}") = "Sputnik++", "Sputnik++\Sputnik++.vcxproj", "{E6B3D5CD-4D29-4435-AE4F-C7F9E70E2A31}"
EndProject
Project("{8BC9CEB8-8B4A-11D0-8D11-00A0C91BC942}") = "Injector", "Injector\Injector.vcxproj", "{FBA36EFF-BA8D-478F-820A-B7B2BCA31FC7}"
	ProjectSection(ProjectDependencies) = postProject
		{E6B3D5CD-4D29-4435-AE4F-C7F9E70E2A31} = {E6B3D5CD-4D29-4435-AE4F-C7F9E70E2A31}
	EndProjectSection
EndProject
Project("{2150E333-8FDC-42A3-9474-1A3956D46DE8}") = "Solution Items", "Solution Items", "{8EC462FD-D22E-90A8-E5CE-7E832BA40C5D}"
	ProjectSection(SolutionItems) = preProject
		README.md = README.md
	EndProjectSection
EndProject
Global
	GlobalSection(SolutionConfigurationPlatforms) = preSolution
		Debug|x64 = Debug|x64
		Debug|x86 = Debug|x86
		Release|x64 = Release|x64
		Release|x86 = Release|x86
	EndGlobalSection
	GlobalSection(ProjectConfigurationPlatforms) = postSolution
		{E6B3D5CD-4D29-4435-AE4F-C7F9E70E2A31}.Debug|x64.ActiveCfg = Debug|x64
		{E6B3D5CD-4D29-4435-AE4F-C7F9E70E2A31}.Debug|x64.Build.0 = Debug|x64
		{E6B3D5CD-4D29-4435-AE4F-C7F9E70E2A31}.Debug|x86.ActiveCfg = Debug|Win32
		{E6B3D5CD-4D29-4435-AE4F-C7F9E70E2A31}.Debug|x86.Build.0 = Debug|Win32
		{E6B3D5CD-4D29-4435-AE4F-C7F9E70E2A31}.Release|x64.ActiveCfg = Release|x64
		{E6B3D5CD-4D29-4435-AE4F-C7F9E70E2A31}.Release|x64.Build.0 = Release|x64
		{E6B3D5CD-4D29-4435-AE4F-C7F9E70E2A31}.Release|x86.ActiveCfg = Release|Win32
		{E6B3D5CD-4D29-4435-AE4F-C7F9E70E2A31}.Release|x86.Build.0 = Release|Win32
		{FBA36EFF-BA8D-478F-820A-B7B2BCA31FC7}.Debug|x64.ActiveCfg = Debug|x64
		{FBA36EFF-BA8D-478F-820A-B7B2BCA31FC7}.Debug|x64.Build.0 = Debug|x64
		{FBA36EFF-BA8D-478F-820A-B7B2BCA31FC7}.Debug|x86.ActiveCfg = Debug|Win32
		{FBA36EFF-BA8D-478F-820A-B7B2BCA31FC7}.Debug|x86.Build.0 = Debug|Win32
		{FBA36EFF-BA8D-478F-820A-B7B2BCA31FC7}.Release|x64.ActiveCfg = Release|x64
		{FBA36EFF-BA8D-478F-820A-B7B2BCA31FC7}.Release|x64.Build.0 = Release|x64
		{FBA36EFF-BA8D-478F-820A-B7B2BCA31FC7}.Release|x86.ActiveCfg = Release|Win32
		{FBA36EFF-BA8D-478F-820A-B7B2BCA31FC7}.Release|x86.Build.0 = Release|Win32
	EndGlobalSection
	GlobalSection(SolutionProperties) = preSolution
		HideSolutionNode = FALSE
	EndGlobalSection
	GlobalSection(ExtensibilityGlobals) = postSolution
		SolutionGuid = {7C4C472A-D8C4-41AF-BBC6-F7F4DE9A6CD9}
	EndGlobalSection
EndGlobal
